{
  "name": "orclapex-js",
  "version": "0.1.0",
  "lockfileVersion": 1,
  "requires": true,
  "dependencies": {
    "@types/base-64": {
      "version": "0.1.2",
      "resolved": "https://registry.npmjs.org/@types/base-64/-/base-64-0.1.2.tgz",
      "integrity": "sha1-Y6wxgwLNq7XwToripW5U1IMhB+I="
    },
    "@types/jquery": {
      "version": "3.2.16",
      "resolved": "https://registry.npmjs.org/@types/jquery/-/jquery-3.2.16.tgz",
      "integrity": "sha512-q2WC02YxQoX2nY1HRKlYGHpGP1saPmD7GN0pwCDlTz35a4eOtJG+aHRlXyjCuXokUukSrR2aXyBhSW3j+jPc0A=="
    },
    "jquery": {
      "version": "3.2.1",
      "resolved": "https://registry.npmjs.org/jquery/-/jquery-3.2.1.tgz",
      "integrity": "sha1-XE2d5lKvbNCncBVKYxu6ErAVx4c="
    },
    "jquery-confirm": {
      "version": "3.3.2",
      "resolved": "https://registry.npmjs.org/jquery-confirm/-/jquery-confirm-3.3.2.tgz",
      "integrity": "sha1-yAp6FRfHOPXlc1mTuxaOk40I9YI=",
      "requires": {
        "jquery": "3.2.1"
      }
    }
  }
}
